
Microsoft Visual Studio Solution File, Format Version 12.00
# Visual Studio Version 17
VisualStudioVersion = 17.11.35312.102
MinimumVisualStudioVersion = 10.0.40219.1
Project("{9A19103F-16F7-4668-BE54-9A1E7A4F7556}") = "NetArchTest", "NetArchTest.csproj", "{F9C98318-4006-486A-BB62-44506BB7B8C9}"
EndProject
Project("{9A19103F-16F7-4668-BE54-9A1E7A4F7556}") = "Domain", "Domain\Domain.csproj", "{0581CCFD-EBFF-4FE1-A9E6-0780D5090EC2}"
EndProject
Project("{9A19103F-16F7-4668-BE54-9A1E7A4F7556}") = "Application", "Application\Application.csproj", "{8146BDCB-0F30-4C4F-952B-0D815872D30F}"
EndProject
Project("{9A19103F-16F7-4668-BE54-9A1E7A4F7556}") = "Infrastructure", "Infrastructure\Infrastructure.csproj", "{1A549BF0-D06C-4B31-9B49-AAE8EEEAF06D}"
EndProject
Global
	GlobalSection(SolutionConfigurationPlatforms) = preSolution
		Debug|Any CPU = Debug|Any CPU
		Release|Any CPU = Release|Any CPU
	EndGlobalSection
	GlobalSection(ProjectConfigurationPlatforms) = postSolution
		{F9C98318-4006-486A-BB62-44506BB7B8C9}.Debug|Any CPU.ActiveCfg = Debug|Any CPU
		{F9C98318-4006-486A-BB62-44506BB7B8C9}.Debug|Any CPU.Build.0 = Debug|Any CPU
		{F9C98318-4006-486A-BB62-44506BB7B8C9}.Release|Any CPU.ActiveCfg = Release|Any CPU
		{F9C98318-4006-486A-BB62-44506BB7B8C9}.Release|Any CPU.Build.0 = Release|Any CPU
		{0581CCFD-EBFF-4FE1-A9E6-0780D5090EC2}.Debug|Any CPU.ActiveCfg = Debug|Any CPU
		{0581CCFD-EBFF-4FE1-A9E6-0780D5090EC2}.Debug|Any CPU.Build.0 = Debug|Any CPU
		{0581CCFD-EBFF-4FE1-A9E6-0780D5090EC2}.Release|Any CPU.ActiveCfg = Release|Any CPU
		{0581CCFD-EBFF-4FE1-A9E6-0780D5090EC2}.Release|Any CPU.Build.0 = Release|Any CPU
		{8146BDCB-0F30-4C4F-952B-0D815872D30F}.Debug|Any CPU.ActiveCfg = Debug|Any CPU
		{8146BDCB-0F30-4C4F-952B-0D815872D30F}.Debug|Any CPU.Build.0 = Debug|Any CPU
		{8146BDCB-0F30-4C4F-952B-0D815872D30F}.Release|Any CPU.ActiveCfg = Release|Any CPU
		{8146BDCB-0F30-4C4F-952B-0D815872D30F}.Release|Any CPU.Build.0 = Release|Any CPU
		{1A549BF0-D06C-4B31-9B49-AAE8EEEAF06D}.Debug|Any CPU.ActiveCfg = Debug|Any CPU
		{1A549BF0-D06C-4B31-9B49-AAE8EEEAF06D}.Debug|Any CPU.Build.0 = Debug|Any CPU
		{1A549BF0-D06C-4B31-9B49-AAE8EEEAF06D}.Release|Any CPU.ActiveCfg = Release|Any CPU
		{1A549BF0-D06C-4B31-9B49-AAE8EEEAF06D}.Release|Any CPU.Build.0 = Release|Any CPU
	EndGlobalSection
	GlobalSection(SolutionProperties) = preSolution
		HideSolutionNode = FALSE
	EndGlobalSection
	GlobalSection(ExtensibilityGlobals) = postSolution
		SolutionGuid = {34DBF32F-0040-456F-AB6F-A427BCD09F63}
	EndGlobalSection
EndGlobal
