
Microsoft Visual Studio Solution File, Format Version 12.00
# Visual Studio Version 17
VisualStudioVersion = 17.11.35312.102
MinimumVisualStudioVersion = 10.0.40219.1
Project("{FAE04EC0-301F-11D3-BF4B-00C04F79EFBC}") = "NetArchTest", "NetArchTest.csproj", "{F9C98318-4006-486A-BB62-44506BB7B8C9}"
EndProject
Project("{FAE04EC0-301F-11D3-BF4B-00C04F79EFBC}") = "Domain", "..\Domain\Domain.csproj", "{888324A3-27DC-4169-AE9A-93F53C20D2C1}"
EndProject
Project("{FAE04EC0-301F-11D3-BF4B-00C04F79EFBC}") = "Application", "..\Application\Application.csproj", "{69DA161F-15BD-45AC-9892-A3EF1378662C}"
EndProject
Project("{FAE04EC0-301F-11D3-BF4B-00C04F79EFBC}") = "Infrastructure", "..\Infrastructure\Infrastructure.csproj", "{3A56EBC6-5FE0-407F-A363-753B7C60E12E}"
EndProject
Global
	GlobalSection(SolutionConfigurationPlatforms) = preSolution
		Debug|Any CPU = Debug|Any CPU
		Release|Any CPU = Release|Any CPU
	EndGlobalSection
	GlobalSection(ProjectConfigurationPlatforms) = postSolution
		{F9C98318-4006-486A-BB62-44506BB7B8C9}.Debug|Any CPU.ActiveCfg = Debug|Any CPU
		{F9C98318-4006-486A-BB62-44506BB7B8C9}.Debug|Any CPU.Build.0 = Debug|Any CPU
		{F9C98318-4006-486A-BB62-44506BB7B8C9}.Release|Any CPU.ActiveCfg = Release|Any CPU
		{F9C98318-4006-486A-BB62-44506BB7B8C9}.Release|Any CPU.Build.0 = Release|Any CPU
		{888324A3-27DC-4169-AE9A-93F53C20D2C1}.Debug|Any CPU.ActiveCfg = Debug|Any CPU
		{888324A3-27DC-4169-AE9A-93F53C20D2C1}.Debug|Any CPU.Build.0 = Debug|Any CPU
		{888324A3-27DC-4169-AE9A-93F53C20D2C1}.Release|Any CPU.ActiveCfg = Release|Any CPU
		{888324A3-27DC-4169-AE9A-93F53C20D2C1}.Release|Any CPU.Build.0 = Release|Any CPU
		{69DA161F-15BD-45AC-9892-A3EF1378662C}.Debug|Any CPU.ActiveCfg = Debug|Any CPU
		{69DA161F-15BD-45AC-9892-A3EF1378662C}.Debug|Any CPU.Build.0 = Debug|Any CPU
		{69DA161F-15BD-45AC-9892-A3EF1378662C}.Release|Any CPU.ActiveCfg = Release|Any CPU
		{69DA161F-15BD-45AC-9892-A3EF1378662C}.Release|Any CPU.Build.0 = Release|Any CPU
		{3A56EBC6-5FE0-407F-A363-753B7C60E12E}.Debug|Any CPU.ActiveCfg = Debug|Any CPU
		{3A56EBC6-5FE0-407F-A363-753B7C60E12E}.Debug|Any CPU.Build.0 = Debug|Any CPU
		{3A56EBC6-5FE0-407F-A363-753B7C60E12E}.Release|Any CPU.ActiveCfg = Release|Any CPU
		{3A56EBC6-5FE0-407F-A363-753B7C60E12E}.Release|Any CPU.Build.0 = Release|Any CPU
	EndGlobalSection
	GlobalSection(SolutionProperties) = preSolution
		HideSolutionNode = FALSE
	EndGlobalSection
	GlobalSection(ExtensibilityGlobals) = postSolution
		SolutionGuid = {34DBF32F-0040-456F-AB6F-A427BCD09F63}
	EndGlobalSection
EndGlobal
